
Microsoft Visual Studio Solution File, Format Version 12.00
# Visual Studio Version 17
VisualStudioVersion = 17.4.33103.184
MinimumVisualStudioVersion = 10.0.40219.1
Project("{FAE04EC0-301F-11D3-BF4B-00C04F79EFBC}") = "project1", "project1\project1.csproj", "{258FB69B-0433-4388-A818-634AA673A4AE}"
EndProject
Global
	GlobalSection(SolutionConfigurationPlatforms) = preSolution
		Debug|Any CPU = Debug|Any CPU
		Release|Any CPU = Release|Any CPU
	EndGlobalSection
	GlobalSection(ProjectConfigurationPlatforms) = postSolution
		{258FB69B-0433-4388-A818-634AA673A4AE}.Debug|Any CPU.ActiveCfg = Debug|Any CPU
		{258FB69B-0433-4388-A818-634AA673A4AE}.Debug|Any CPU.Build.0 = Debug|Any CPU
		{258FB69B-0433-4388-A818-634AA673A4AE}.Release|Any CPU.ActiveCfg = Release|Any CPU
		{258FB69B-0433-4388-A818-634AA673A4AE}.Release|Any CPU.Build.0 = Release|Any CPU
	EndGlobalSection
	GlobalSection(SolutionProperties) = preSolution
		HideSolutionNode = FALSE
	EndGlobalSection
	GlobalSection(ExtensibilityGlobals) = postSolution
		SolutionGuid = {09806F6F-9ECF-471B-B021-BA9A3F18D030}
	EndGlobalSection
EndGlobal
